<?xml version="1.0" encoding="utf-8"?>
<Project ToolsVersion="4.0" xmlns="http://schemas.microsoft.com/developer/msbuild/2003">
  <ItemGroup>
    <Filter Include="Исходные файлы">
      <UniqueIdentifier>{4FC737F1-C7A5-4376-A066-2A32D752A2FF}</UniqueIdentifier>
      <Extensions>cpp;c;cc;cxx;c++;cppm;ixx;def;odl;idl;hpj;bat;asm;asmx</Extensions>
    </Filter>
    <Filter Include="Файлы заголовков">
      <UniqueIdentifier>{93995380-89BD-4b04-88EB-625FBE52EBFB}</UniqueIdentifier>
      <Extensions>h;hh;hpp;hxx;h++;hm;inl;inc;ipp;xsd</Extensions>
    </Filter>
    <Filter Include="Файлы ресурсов">
      <UniqueIdentifier>{67DA6AB6-F800-4c08-8B7A-83BB121AAD01}</UniqueIdentifier>
      <Extensions>rc;ico;cur;bmp;dlg;rc2;rct;bin;rgs;gif;jpg;jpeg;jpe;resx;tiff;tif;png;wav;mfcribbon-ms</Extensions>
    </Filter>
    <Filter Include="Файлы заголовков\XMLB">
      <UniqueIdentifier>{f48745d6-da99-4d09-878b-84fed1cfae51}</UniqueIdentifier>
    </Filter>
    <Filter Include="Файлы заголовков\XMLB\detail">
      <UniqueIdentifier>{7fd19e0b-c736-4b37-9376-1bf384a253ea}</UniqueIdentifier>
    </Filter>
    <Filter Include="Файлы заголовков\XMLB\detail\parser">
      <UniqueIdentifier>{6c00b87f-864d-4af7-8fd6-575f50c6b042}</UniqueIdentifier>
    </Filter>
    <Filter Include="Файлы заголовков\XMLB\detail\traits">
      <UniqueIdentifier>{57214fa5-cd0f-4be7-8669-c026ff01d4eb}</UniqueIdentifier>
    </Filter>
    <Filter Include="Файлы заголовков\XMLB\detail\utilities">
      <UniqueIdentifier>{d3b952eb-1bd3-4e4c-ab05-70bcc501ac2d}</UniqueIdentifier>
    </Filter>
  </ItemGroup>
  <ItemGroup>
    <ClCompile Include="Main.cpp">
      <Filter>Исходные файлы</Filter>
    </ClCompile>
  </ItemGroup>
  <ItemGroup>
    <ClInclude Include="include\XMLB\XMLB.h">
      <Filter>Файлы заголовков\XMLB</Filter>
    </ClInclude>
    <ClInclude Include="include\XMLB\XMLB_Code_converter.h">
      <Filter>Файлы заголовков\XMLB</Filter>
    </ClInclude>
    <ClInclude Include="include\XMLB\XMLB_Document.h">
      <Filter>Файлы заголовков\XMLB</Filter>
    </ClInclude>
    <ClInclude Include="include\XMLB\XMLB_Node.h">
      <Filter>Файлы заголовков\XMLB</Filter>
    </ClInclude>
    <ClInclude Include="include\XMLB\XMLB_utility.h">
      <Filter>Файлы заголовков\XMLB</Filter>
    </ClInclude>
    <ClInclude Include="include\XMLB\detail\traits\XMLB_Type_callable_traits.h">
      <Filter>Файлы заголовков\XMLB\detail\traits</Filter>
    </ClInclude>
    <ClInclude Include="include\XMLB\detail\traits\XMLB_Type_converting_traits.h">
      <Filter>Файлы заголовков\XMLB\detail\traits</Filter>
    </ClInclude>
    <ClInclude Include="include\XMLB\detail\traits\XMLB_Type_methods_traits.h">
      <Filter>Файлы заголовков\XMLB\detail\traits</Filter>
    </ClInclude>
    <ClInclude Include="include\XMLB\detail\traits\XMLB_Type_special_general_traits.h">
      <Filter>Файлы заголовков\XMLB\detail\traits</Filter>
    </ClInclude>
    <ClInclude Include="include\XMLB\detail\traits\XMLB_Type_traits.h">
      <Filter>Файлы заголовков\XMLB\detail\traits</Filter>
    </ClInclude>
    <ClInclude Include="include\XMLB\detail\parser\XMLB_Parser.h">
      <Filter>Файлы заголовков\XMLB\detail\parser</Filter>
    </ClInclude>
    <ClInclude Include="include\XMLB\detail\parser\XMLB_Parser_data_controller.h">
      <Filter>Файлы заголовков\XMLB\detail\parser</Filter>
    </ClInclude>
    <ClInclude Include="include\XMLB\detail\parser\XMLB_Parser_functors.h">
      <Filter>Файлы заголовков\XMLB\detail\parser</Filter>
    </ClInclude>
    <ClInclude Include="include\XMLB\detail\parser\XMLB_Parser_states.h">
      <Filter>Файлы заголовков\XMLB\detail\parser</Filter>
    </ClInclude>
    <ClInclude Include="include\XMLB\detail\XMLB_Node_iterator.h">
      <Filter>Файлы заголовков\XMLB\detail</Filter>
    </ClInclude>
    <ClInclude Include="include\XMLB\detail\XMLB_Decorator.h">
      <Filter>Файлы заголовков\XMLB\detail</Filter>
    </ClInclude>
    <ClInclude Include="include\XMLB\detail\utilities\XMLB_sup_types.h">
      <Filter>Файлы заголовков\XMLB\detail\utilities</Filter>
    </ClInclude>
    <ClInclude Include="include\XMLB\detail\utilities\XMLB_sup_functions.h">
      <Filter>Файлы заголовков\XMLB\detail\utilities</Filter>
    </ClInclude>
  </ItemGroup>
</Project>